{
  "lockfile_version": "1",
  "packages": {
    "go@latest": {
      "last_modified": "2024-11-28T07:51:56Z",
      "resolved": "github:NixOS/nixpkgs/226216574ada4c3ecefcbbec41f39ce4655f78ef#go",
      "source": "devbox-search",
      "version": "1.23.3",
      "systems": {
        "aarch64-darwin": {
          "outputs": [
            {
              "name": "out",
              "path": "/nix/store/qrj2wp6vzfpjfrrlcmr22818zg83fb73-go-1.23.3",
              "default": true
            }
          ],
          "store_path": "/nix/store/qrj2wp6vzfpjfrrlcmr22818zg83fb73-go-1.23.3"
        },
        "aarch64-linux": {
          "outputs": [
            {
              "name": "out",
              "path": "/nix/store/dm66qyl19skrwcmk4rb9xcs64xc1d071-go-1.23.3",
              "default": true
            }
          ],
          "store_path": "/nix/store/dm66qyl19skrwcmk4rb9xcs64xc1d071-go-1.23.3"
        },
        "x86_64-darwin": {
          "outputs": [
            {
              "name": "out",
              "path": "/nix/store/vkjn6njpz4gy5ma763vh8hh93bgjwycr-go-1.23.3",
              "default": true
            }
          ],
          "store_path": "/nix/store/vkjn6njpz4gy5ma763vh8hh93bgjwycr-go-1.23.3"
        },
        "x86_64-linux": {
          "outputs": [
            {
              "name": "out",
              "path": "/nix/store/bavnchxi7v6xs077jxv7fl5rrqc3y87w-go-1.23.3",
              "default": true
            }
          ],
          "store_path": "/nix/store/bavnchxi7v6xs077jxv7fl5rrqc3y87w-go-1.23.3"
        }
      }
    },
    "gotools@latest": {
      "last_modified": "2024-11-28T07:51:56Z",
      "resolved": "github:NixOS/nixpkgs/226216574ada4c3ecefcbbec41f39ce4655f78ef#gotools",
      "source": "devbox-search",
      "version": "0.25.0",
      "systems": {
        "aarch64-darwin": {
          "outputs": [
            {
              "name": "out",
              "path": "/nix/store/gln9g7av683v32vx5kvdgcf1f3vfxf5f-gotools-0.25.0",
              "default": true
            }
          ],
          "store_path": "/nix/store/gln9g7av683v32vx5kvdgcf1f3vfxf5f-gotools-0.25.0"
        },
        "aarch64-linux": {
          "outputs": [
            {
              "name": "out",
              "path": "/nix/store/l7kls58pi8qc8gwkqrypf6iacyhwlm8z-gotools-0.25.0",
              "default": true
            }
          ],
          "store_path": "/nix/store/l7kls58pi8qc8gwkqrypf6iacyhwlm8z-gotools-0.25.0"
        },
        "x86_64-darwin": {
          "outputs": [
            {
              "name": "out",
              "path": "/nix/store/yssxkkcvrn2dvlnv7mvd4jsk4f2h0zqf-gotools-0.25.0",
              "default": true
            }
          ],
          "store_path": "/nix/store/yssxkkcvrn2dvlnv7mvd4jsk4f2h0zqf-gotools-0.25.0"
        },
        "x86_64-linux": {
          "outputs": [
            {
              "name": "out",
              "path": "/nix/store/8nk07x74jnmcz83vbz4kj2x6wb8ds6sm-gotools-0.25.0",
              "default": true
            }
          ],
          "store_path": "/nix/store/8nk07x74jnmcz83vbz4kj2x6wb8ds6sm-gotools-0.25.0"
        }
      }
    }
  }
}
